
Microsoft Visual Studio Solution File, Format Version 12.00
# Visual Studio Version 16
VisualStudioVersion = 16.0.30309.148
MinimumVisualStudioVersion = 10.0.40219.1
Project("{2150E333-8FDC-42A3-9474-1A3956D46DE8}") = "src", "src", "{3734A52F-2222-454B-BF58-1BA5C1F29D77}"
	ProjectSection(SolutionItems) = preProject
		src\Directory.Build.props = src\Directory.Build.props
	EndProjectSection
EndProject
Project("{2150E333-8FDC-42A3-9474-1A3956D46DE8}") = "LuminiIT", "LuminiIT", "{3C791D9C-6F19-4F46-B367-2EC0F818762D}"
	ProjectSection(SolutionItems) = preProject
		sample\Directory.Build.props = sample\Directory.Build.props
	EndProjectSection
EndProject
Project("{9A19103F-16F7-4668-BE54-9A1E7A4F7556}") = "LuminiITAspNetCoreApp", "sample\SampleAspNetCoreApp\LuminiITAspNetCoreApp.csproj", "{0ADF687D-4DB7-417E-80B4-27B3FD86875E}"
EndProject
Project("{9A19103F-16F7-4668-BE54-9A1E7A4F7556}") = "Elastic.Apm", "src\Elastic.Apm\Elastic.Apm.csproj", "{90BC9629-C8D2-4FD5-863E-EA2D5FB37341}"
EndProject
Project("{9A19103F-16F7-4668-BE54-9A1E7A4F7556}") = "Elastic.Apm.AspNetCore", "src\Elastic.Apm.AspNetCore\Elastic.Apm.AspNetCore.csproj", "{D35FFCED-CFF1-45D6-BD30-02CEA0DDE2AC}"
EndProject
Project("{9A19103F-16F7-4668-BE54-9A1E7A4F7556}") = "Elastic.Apm.EntityFrameworkCore", "src\Elastic.Apm.EntityFrameworkCore\Elastic.Apm.EntityFrameworkCore.csproj", "{CB373BA1-19BF-4463-BCA4-BCA78F3C6FF3}"
EndProject
Project("{9A19103F-16F7-4668-BE54-9A1E7A4F7556}") = "ApiSamples", "sample\ApiSamples\ApiSamples.csproj", "{19C9C1BA-4BCC-4708-92C3-8F5AE18B44F8}"
EndProject
Project("{9A19103F-16F7-4668-BE54-9A1E7A4F7556}") = "Elastic.Apm.NetCoreAll", "src\Elastic.Apm.NetCoreAll\Elastic.Apm.NetCoreAll.csproj", "{C0F1E546-4388-4EA5-8C7C-ACA8CFA4CE2F}"
EndProject
Project("{9A19103F-16F7-4668-BE54-9A1E7A4F7556}") = "HttpListenerSample", "sample\HttpListenerSample\HttpListenerSample.csproj", "{1AAB1A30-42C0-4C76-AE2E-9D7293945D80}"
EndProject
Project("{FAE04EC0-301F-11D3-BF4B-00C04F79EFBC}") = "AspNetFullFrameworkSampleApp", "sample\AspNetFullFrameworkSampleApp\AspNetFullFrameworkSampleApp.csproj", "{C45DCD78-7E8A-437C-ABBB-01D154ABCFC4}"
EndProject
Project("{9A19103F-16F7-4668-BE54-9A1E7A4F7556}") = "WebApiSample", "sample\WebApiSample\WebApiSample.csproj", "{319E2094-D2E1-46C5-8985-9693CD8DDCBD}"
EndProject
Project("{9A19103F-16F7-4668-BE54-9A1E7A4F7556}") = "Elastic.Apm.AspNetFullFramework", "src\Elastic.Apm.AspNetFullFramework\Elastic.Apm.AspNetFullFramework.csproj", "{D6FFDDAB-9D76-442F-8F1D-BD6F553F92FA}"
EndProject
Project("{9A19103F-16F7-4668-BE54-9A1E7A4F7556}") = "Elastic.Apm.EntityFramework6", "src\Elastic.Apm.EntityFramework6\Elastic.Apm.EntityFramework6.csproj", "{12FFCFF6-858C-4E6E-935C-E304712DECA4}"
EndProject
Project("{9A19103F-16F7-4668-BE54-9A1E7A4F7556}") = "Elastic.Apm.SqlClient", "src\Elastic.Apm.SqlClient\Elastic.Apm.SqlClient.csproj", "{F6027B7F-2AD7-4F43-8DDC-123E4824F15F}"
EndProject
Project("{9A19103F-16F7-4668-BE54-9A1E7A4F7556}") = "ElasticApmStartupHook", "src\ElasticApmStartupHook\ElasticApmStartupHook.csproj", "{7B18C4C5-099B-41D1-8CC2-2D2C412B80CD}"
EndProject
Project("{9A19103F-16F7-4668-BE54-9A1E7A4F7556}") = "Elastic.Apm.Extensions.Hosting", "src\Elastic.Apm.Extensions.Hosting\Elastic.Apm.Extensions.Hosting.csproj", "{9BA642D5-2C8A-4B5E-AA75-50A4C29B0CCC}"
EndProject
Project("{9A19103F-16F7-4668-BE54-9A1E7A4F7556}") = "Elastic.Apm.Elasticsearch", "src\Elastic.Apm.Elasticsearch\Elastic.Apm.Elasticsearch.csproj", "{77812373-D9CB-4DDC-B0D4-A192F7FC2330}"
EndProject
Project("{9A19103F-16F7-4668-BE54-9A1E7A4F7556}") = "SampleConsoleNetCoreApp", "sample\SampleConsoleNetCoreApp\SampleConsoleNetCoreApp.csproj", "{00AD0047-92A6-48CC-B67D-A3DB2812CE28}"
EndProject
Project("{9A19103F-16F7-4668-BE54-9A1E7A4F7556}") = "ElasticsearchSample", "sample\ElasticsearchSample\ElasticsearchSample.csproj", "{0FE5E852-E3AF-45F9-BF3A-8CD739C0807F}"
EndProject
Project("{9A19103F-16F7-4668-BE54-9A1E7A4F7556}") = "GrpcServiceSample", "sample\GrpcServiceSample\GrpcServiceSample.csproj", "{6E6B9E49-EE42-4EB6-8248-BEEC8522937B}"
EndProject
Project("{9A19103F-16F7-4668-BE54-9A1E7A4F7556}") = "GrpcClientSample", "sample\GrpcClientSample\GrpcClientSample.csproj", "{CC52EA80-5E18-4370-ACB3-9424B6BB6B68}"
EndProject
Project("{9A19103F-16F7-4668-BE54-9A1E7A4F7556}") = "Elastic.Apm.GrpcClient", "src\Elastic.Apm.GrpcClient\Elastic.Apm.GrpcClient.csproj", "{8F1B46E1-F1A0-4744-9D9A-AA1BB33842C8}"
EndProject
Global
	GlobalSection(SolutionConfigurationPlatforms) = preSolution
		Debug|Any CPU = Debug|Any CPU
		Release|Any CPU = Release|Any CPU
	EndGlobalSection
	GlobalSection(ProjectConfigurationPlatforms) = postSolution
		{0ADF687D-4DB7-417E-80B4-27B3FD86875E}.Debug|Any CPU.ActiveCfg = Debug|Any CPU
		{0ADF687D-4DB7-417E-80B4-27B3FD86875E}.Debug|Any CPU.Build.0 = Debug|Any CPU
		{0ADF687D-4DB7-417E-80B4-27B3FD86875E}.Release|Any CPU.ActiveCfg = Release|Any CPU
		{0ADF687D-4DB7-417E-80B4-27B3FD86875E}.Release|Any CPU.Build.0 = Release|Any CPU
		{90BC9629-C8D2-4FD5-863E-EA2D5FB37341}.Debug|Any CPU.ActiveCfg = Debug|Any CPU
		{90BC9629-C8D2-4FD5-863E-EA2D5FB37341}.Debug|Any CPU.Build.0 = Debug|Any CPU
		{90BC9629-C8D2-4FD5-863E-EA2D5FB37341}.Release|Any CPU.ActiveCfg = Release|Any CPU
		{90BC9629-C8D2-4FD5-863E-EA2D5FB37341}.Release|Any CPU.Build.0 = Release|Any CPU
		{D35FFCED-CFF1-45D6-BD30-02CEA0DDE2AC}.Debug|Any CPU.ActiveCfg = Debug|Any CPU
		{D35FFCED-CFF1-45D6-BD30-02CEA0DDE2AC}.Debug|Any CPU.Build.0 = Debug|Any CPU
		{D35FFCED-CFF1-45D6-BD30-02CEA0DDE2AC}.Release|Any CPU.ActiveCfg = Release|Any CPU
		{D35FFCED-CFF1-45D6-BD30-02CEA0DDE2AC}.Release|Any CPU.Build.0 = Release|Any CPU
		{CB373BA1-19BF-4463-BCA4-BCA78F3C6FF3}.Debug|Any CPU.ActiveCfg = Debug|Any CPU
		{CB373BA1-19BF-4463-BCA4-BCA78F3C6FF3}.Debug|Any CPU.Build.0 = Debug|Any CPU
		{CB373BA1-19BF-4463-BCA4-BCA78F3C6FF3}.Release|Any CPU.ActiveCfg = Release|Any CPU
		{CB373BA1-19BF-4463-BCA4-BCA78F3C6FF3}.Release|Any CPU.Build.0 = Release|Any CPU
		{19C9C1BA-4BCC-4708-92C3-8F5AE18B44F8}.Debug|Any CPU.ActiveCfg = Debug|Any CPU
		{19C9C1BA-4BCC-4708-92C3-8F5AE18B44F8}.Debug|Any CPU.Build.0 = Debug|Any CPU
		{19C9C1BA-4BCC-4708-92C3-8F5AE18B44F8}.Release|Any CPU.ActiveCfg = Release|Any CPU
		{19C9C1BA-4BCC-4708-92C3-8F5AE18B44F8}.Release|Any CPU.Build.0 = Release|Any CPU
		{C0F1E546-4388-4EA5-8C7C-ACA8CFA4CE2F}.Debug|Any CPU.ActiveCfg = Debug|Any CPU
		{C0F1E546-4388-4EA5-8C7C-ACA8CFA4CE2F}.Debug|Any CPU.Build.0 = Debug|Any CPU
		{C0F1E546-4388-4EA5-8C7C-ACA8CFA4CE2F}.Release|Any CPU.ActiveCfg = Release|Any CPU
		{C0F1E546-4388-4EA5-8C7C-ACA8CFA4CE2F}.Release|Any CPU.Build.0 = Release|Any CPU
		{1AAB1A30-42C0-4C76-AE2E-9D7293945D80}.Debug|Any CPU.ActiveCfg = Debug|Any CPU
		{1AAB1A30-42C0-4C76-AE2E-9D7293945D80}.Debug|Any CPU.Build.0 = Debug|Any CPU
		{1AAB1A30-42C0-4C76-AE2E-9D7293945D80}.Release|Any CPU.ActiveCfg = Release|Any CPU
		{1AAB1A30-42C0-4C76-AE2E-9D7293945D80}.Release|Any CPU.Build.0 = Release|Any CPU
		{C45DCD78-7E8A-437C-ABBB-01D154ABCFC4}.Debug|Any CPU.ActiveCfg = Debug|Any CPU
		{C45DCD78-7E8A-437C-ABBB-01D154ABCFC4}.Debug|Any CPU.Build.0 = Debug|Any CPU
		{C45DCD78-7E8A-437C-ABBB-01D154ABCFC4}.Release|Any CPU.ActiveCfg = Release|Any CPU
		{C45DCD78-7E8A-437C-ABBB-01D154ABCFC4}.Release|Any CPU.Build.0 = Release|Any CPU
		{319E2094-D2E1-46C5-8985-9693CD8DDCBD}.Debug|Any CPU.ActiveCfg = Debug|Any CPU
		{319E2094-D2E1-46C5-8985-9693CD8DDCBD}.Debug|Any CPU.Build.0 = Debug|Any CPU
		{319E2094-D2E1-46C5-8985-9693CD8DDCBD}.Release|Any CPU.ActiveCfg = Release|Any CPU
		{319E2094-D2E1-46C5-8985-9693CD8DDCBD}.Release|Any CPU.Build.0 = Release|Any CPU
		{D6FFDDAB-9D76-442F-8F1D-BD6F553F92FA}.Debug|Any CPU.ActiveCfg = Debug|Any CPU
		{D6FFDDAB-9D76-442F-8F1D-BD6F553F92FA}.Debug|Any CPU.Build.0 = Debug|Any CPU
		{D6FFDDAB-9D76-442F-8F1D-BD6F553F92FA}.Release|Any CPU.ActiveCfg = Release|Any CPU
		{D6FFDDAB-9D76-442F-8F1D-BD6F553F92FA}.Release|Any CPU.Build.0 = Release|Any CPU
		{12FFCFF6-858C-4E6E-935C-E304712DECA4}.Debug|Any CPU.ActiveCfg = Debug|Any CPU
		{12FFCFF6-858C-4E6E-935C-E304712DECA4}.Debug|Any CPU.Build.0 = Debug|Any CPU
		{12FFCFF6-858C-4E6E-935C-E304712DECA4}.Release|Any CPU.ActiveCfg = Release|Any CPU
		{12FFCFF6-858C-4E6E-935C-E304712DECA4}.Release|Any CPU.Build.0 = Release|Any CPU
		{F6027B7F-2AD7-4F43-8DDC-123E4824F15F}.Debug|Any CPU.ActiveCfg = Debug|Any CPU
		{F6027B7F-2AD7-4F43-8DDC-123E4824F15F}.Debug|Any CPU.Build.0 = Debug|Any CPU
		{F6027B7F-2AD7-4F43-8DDC-123E4824F15F}.Release|Any CPU.ActiveCfg = Release|Any CPU
		{F6027B7F-2AD7-4F43-8DDC-123E4824F15F}.Release|Any CPU.Build.0 = Release|Any CPU
		{7B18C4C5-099B-41D1-8CC2-2D2C412B80CD}.Debug|Any CPU.ActiveCfg = Debug|Any CPU
		{7B18C4C5-099B-41D1-8CC2-2D2C412B80CD}.Debug|Any CPU.Build.0 = Debug|Any CPU
		{7B18C4C5-099B-41D1-8CC2-2D2C412B80CD}.Release|Any CPU.ActiveCfg = Release|Any CPU
		{7B18C4C5-099B-41D1-8CC2-2D2C412B80CD}.Release|Any CPU.Build.0 = Release|Any CPU
		{9BA642D5-2C8A-4B5E-AA75-50A4C29B0CCC}.Debug|Any CPU.ActiveCfg = Debug|Any CPU
		{9BA642D5-2C8A-4B5E-AA75-50A4C29B0CCC}.Debug|Any CPU.Build.0 = Debug|Any CPU
		{9BA642D5-2C8A-4B5E-AA75-50A4C29B0CCC}.Release|Any CPU.ActiveCfg = Release|Any CPU
		{9BA642D5-2C8A-4B5E-AA75-50A4C29B0CCC}.Release|Any CPU.Build.0 = Release|Any CPU
		{77812373-D9CB-4DDC-B0D4-A192F7FC2330}.Debug|Any CPU.ActiveCfg = Debug|Any CPU
		{77812373-D9CB-4DDC-B0D4-A192F7FC2330}.Debug|Any CPU.Build.0 = Debug|Any CPU
		{77812373-D9CB-4DDC-B0D4-A192F7FC2330}.Release|Any CPU.ActiveCfg = Release|Any CPU
		{77812373-D9CB-4DDC-B0D4-A192F7FC2330}.Release|Any CPU.Build.0 = Release|Any CPU
		{00AD0047-92A6-48CC-B67D-A3DB2812CE28}.Debug|Any CPU.ActiveCfg = Debug|Any CPU
		{00AD0047-92A6-48CC-B67D-A3DB2812CE28}.Debug|Any CPU.Build.0 = Debug|Any CPU
		{00AD0047-92A6-48CC-B67D-A3DB2812CE28}.Release|Any CPU.ActiveCfg = Release|Any CPU
		{00AD0047-92A6-48CC-B67D-A3DB2812CE28}.Release|Any CPU.Build.0 = Release|Any CPU
		{0FE5E852-E3AF-45F9-BF3A-8CD739C0807F}.Debug|Any CPU.ActiveCfg = Debug|Any CPU
		{0FE5E852-E3AF-45F9-BF3A-8CD739C0807F}.Debug|Any CPU.Build.0 = Debug|Any CPU
		{0FE5E852-E3AF-45F9-BF3A-8CD739C0807F}.Release|Any CPU.ActiveCfg = Release|Any CPU
		{0FE5E852-E3AF-45F9-BF3A-8CD739C0807F}.Release|Any CPU.Build.0 = Release|Any CPU
		{6E6B9E49-EE42-4EB6-8248-BEEC8522937B}.Debug|Any CPU.ActiveCfg = Debug|Any CPU
		{6E6B9E49-EE42-4EB6-8248-BEEC8522937B}.Debug|Any CPU.Build.0 = Debug|Any CPU
		{6E6B9E49-EE42-4EB6-8248-BEEC8522937B}.Release|Any CPU.ActiveCfg = Release|Any CPU
		{6E6B9E49-EE42-4EB6-8248-BEEC8522937B}.Release|Any CPU.Build.0 = Release|Any CPU
		{CC52EA80-5E18-4370-ACB3-9424B6BB6B68}.Debug|Any CPU.ActiveCfg = Debug|Any CPU
		{CC52EA80-5E18-4370-ACB3-9424B6BB6B68}.Debug|Any CPU.Build.0 = Debug|Any CPU
		{CC52EA80-5E18-4370-ACB3-9424B6BB6B68}.Release|Any CPU.ActiveCfg = Release|Any CPU
		{CC52EA80-5E18-4370-ACB3-9424B6BB6B68}.Release|Any CPU.Build.0 = Release|Any CPU
		{8F1B46E1-F1A0-4744-9D9A-AA1BB33842C8}.Debug|Any CPU.ActiveCfg = Debug|Any CPU
		{8F1B46E1-F1A0-4744-9D9A-AA1BB33842C8}.Debug|Any CPU.Build.0 = Debug|Any CPU
		{8F1B46E1-F1A0-4744-9D9A-AA1BB33842C8}.Release|Any CPU.ActiveCfg = Release|Any CPU
		{8F1B46E1-F1A0-4744-9D9A-AA1BB33842C8}.Release|Any CPU.Build.0 = Release|Any CPU
	EndGlobalSection
	GlobalSection(SolutionProperties) = preSolution
		HideSolutionNode = FALSE
	EndGlobalSection
	GlobalSection(NestedProjects) = preSolution
		{0ADF687D-4DB7-417E-80B4-27B3FD86875E} = {3C791D9C-6F19-4F46-B367-2EC0F818762D}
		{90BC9629-C8D2-4FD5-863E-EA2D5FB37341} = {3734A52F-2222-454B-BF58-1BA5C1F29D77}
		{D35FFCED-CFF1-45D6-BD30-02CEA0DDE2AC} = {3734A52F-2222-454B-BF58-1BA5C1F29D77}
		{CB373BA1-19BF-4463-BCA4-BCA78F3C6FF3} = {3734A52F-2222-454B-BF58-1BA5C1F29D77}
		{19C9C1BA-4BCC-4708-92C3-8F5AE18B44F8} = {3C791D9C-6F19-4F46-B367-2EC0F818762D}
		{C0F1E546-4388-4EA5-8C7C-ACA8CFA4CE2F} = {3734A52F-2222-454B-BF58-1BA5C1F29D77}
		{1AAB1A30-42C0-4C76-AE2E-9D7293945D80} = {3C791D9C-6F19-4F46-B367-2EC0F818762D}
		{C45DCD78-7E8A-437C-ABBB-01D154ABCFC4} = {3C791D9C-6F19-4F46-B367-2EC0F818762D}
		{319E2094-D2E1-46C5-8985-9693CD8DDCBD} = {3C791D9C-6F19-4F46-B367-2EC0F818762D}
		{D6FFDDAB-9D76-442F-8F1D-BD6F553F92FA} = {3734A52F-2222-454B-BF58-1BA5C1F29D77}
		{12FFCFF6-858C-4E6E-935C-E304712DECA4} = {3734A52F-2222-454B-BF58-1BA5C1F29D77}
		{F6027B7F-2AD7-4F43-8DDC-123E4824F15F} = {3734A52F-2222-454B-BF58-1BA5C1F29D77}
		{7B18C4C5-099B-41D1-8CC2-2D2C412B80CD} = {3734A52F-2222-454B-BF58-1BA5C1F29D77}
		{9BA642D5-2C8A-4B5E-AA75-50A4C29B0CCC} = {3734A52F-2222-454B-BF58-1BA5C1F29D77}
		{77812373-D9CB-4DDC-B0D4-A192F7FC2330} = {3734A52F-2222-454B-BF58-1BA5C1F29D77}
		{00AD0047-92A6-48CC-B67D-A3DB2812CE28} = {3C791D9C-6F19-4F46-B367-2EC0F818762D}
		{0FE5E852-E3AF-45F9-BF3A-8CD739C0807F} = {3C791D9C-6F19-4F46-B367-2EC0F818762D}
		{6E6B9E49-EE42-4EB6-8248-BEEC8522937B} = {3C791D9C-6F19-4F46-B367-2EC0F818762D}
		{CC52EA80-5E18-4370-ACB3-9424B6BB6B68} = {3C791D9C-6F19-4F46-B367-2EC0F818762D}
		{8F1B46E1-F1A0-4744-9D9A-AA1BB33842C8} = {3734A52F-2222-454B-BF58-1BA5C1F29D77}
	EndGlobalSection
	GlobalSection(ExtensibilityGlobals) = postSolution
		SolutionGuid = {69E02FD9-C9DE-412C-AB6B-5B8BECC6BFA5}
	EndGlobalSection
EndGlobal
